Microsoft Visual Studio Solution File, Format Version 12.00
# Visual Studio 15
VisualStudioVersion = 15.0.26730.16
MinimumVisualStudioVersion = 10.0.40219.1
Project("{FAE04EC0-301F-11D3-BF4B-00C04F79EFBC}") = "UnitTestGMS.Utils.AssemblyInfo", "UnitTestProject\UnitTestGMS.Utils.AssemblyInfo.csproj", "{2B88F126-BAF4-48E0-80C1-A7AB53469F04}"
EndProject
Project("{2150E333-8FDC-42A3-9474-1A3956D46DE8}") = "SonarQube", "SonarQube", "{7DC39BB1-5F83-405F-933D-F5A26891575D}"
	ProjectSection(SolutionItems) = preProject
		SonarQube\AssemblyInfoUtilCSharp.ruleset = SonarQube\AssemblyInfoUtilCSharp.ruleset
		SonarQube\SolutionBinding.sqconfig = SonarQube\SolutionBinding.sqconfig
	EndProjectSection
EndProject
Project("{2150E333-8FDC-42A3-9474-1A3956D46DE8}") = "Solution Items", "Solution Items", "{2995B140-F1E4-40D7-A5DE-1D99672F3C3A}"
	ProjectSection(SolutionItems) = preProject
		IncreaseVersionNumber.bat = IncreaseVersionNumber.bat
		Local.testsettings = Local.testsettings
		merge.bat = merge.bat
		README.md = README.md
	EndProjectSection
EndProject
Project("{FAE04EC0-301F-11D3-BF4B-00C04F79EFBC}") = "GMS.Utils.AssemblyInfo", "AssemblyInfoUtil\GMS.Utils.AssemblyInfo.csproj", "{E60E8620-89BD-4691-B42B-F1E6FD1D6963}"
EndProject
Project("{FAE04EC0-301F-11D3-BF4B-00C04F79EFBC}") = "GMS.Utils.AssemblyInfo.NuGet1", "GMS.Util.AssemblyInfoUtil.NuGet1\GMS.Utils.AssemblyInfo.NuGet1.csproj", "{AEA3D3AD-56C4-4811-806B-DE563E248138}"
EndProject
Project("{2150E333-8FDC-42A3-9474-1A3956D46DE8}") = ".NuGetPack", ".NuGetPack", "{6C03B568-ACF6-4974-8E0B-B53BA2E52BCD}"
	ProjectSection(SolutionItems) = preProject
		.NuGetPack\NuGet.exe = .NuGetPack\NuGet.exe
		.NuGetPack\NuGetPack.exe = .NuGetPack\NuGetPack.exe
	EndProjectSection
EndProject
Global
	GlobalSection(SolutionConfigurationPlatforms) = preSolution
		Debug|Any CPU = Debug|Any CPU
		Debug|x86 = Debug|x86
		Release|Any CPU = Release|Any CPU
		Release|x86 = Release|x86
	EndGlobalSection
	GlobalSection(ProjectConfigurationPlatforms) = postSolution
		{2B88F126-BAF4-48E0-80C1-A7AB53469F04}.Debug|Any CPU.ActiveCfg = Debug|Any CPU
		{2B88F126-BAF4-48E0-80C1-A7AB53469F04}.Debug|Any CPU.Build.0 = Debug|Any CPU
		{2B88F126-BAF4-48E0-80C1-A7AB53469F04}.Debug|x86.ActiveCfg = Debug|Any CPU
		{2B88F126-BAF4-48E0-80C1-A7AB53469F04}.Debug|x86.Build.0 = Debug|Any CPU
		{2B88F126-BAF4-48E0-80C1-A7AB53469F04}.Release|Any CPU.ActiveCfg = Release|Any CPU
		{2B88F126-BAF4-48E0-80C1-A7AB53469F04}.Release|Any CPU.Build.0 = Release|Any CPU
		{2B88F126-BAF4-48E0-80C1-A7AB53469F04}.Release|x86.ActiveCfg = Release|Any CPU
		{2B88F126-BAF4-48E0-80C1-A7AB53469F04}.Release|x86.Build.0 = Release|Any CPU
		{E60E8620-89BD-4691-B42B-F1E6FD1D6963}.Debug|Any CPU.ActiveCfg = Debug|Any CPU
		{E60E8620-89BD-4691-B42B-F1E6FD1D6963}.Debug|Any CPU.Build.0 = Debug|Any CPU
		{E60E8620-89BD-4691-B42B-F1E6FD1D6963}.Debug|x86.ActiveCfg = Debug|Any CPU
		{E60E8620-89BD-4691-B42B-F1E6FD1D6963}.Debug|x86.Build.0 = Debug|Any CPU
		{E60E8620-89BD-4691-B42B-F1E6FD1D6963}.Release|Any CPU.ActiveCfg = Release|Any CPU
		{E60E8620-89BD-4691-B42B-F1E6FD1D6963}.Release|Any CPU.Build.0 = Release|Any CPU
		{E60E8620-89BD-4691-B42B-F1E6FD1D6963}.Release|x86.ActiveCfg = Release|Any CPU
		{E60E8620-89BD-4691-B42B-F1E6FD1D6963}.Release|x86.Build.0 = Release|Any CPU
		{AEA3D3AD-56C4-4811-806B-DE563E248138}.Debug|Any CPU.ActiveCfg = Debug|Any CPU
		{AEA3D3AD-56C4-4811-806B-DE563E248138}.Debug|Any CPU.Build.0 = Debug|Any CPU
		{AEA3D3AD-56C4-4811-806B-DE563E248138}.Debug|x86.ActiveCfg = Debug|Any CPU
		{AEA3D3AD-56C4-4811-806B-DE563E248138}.Debug|x86.Build.0 = Debug|Any CPU
		{AEA3D3AD-56C4-4811-806B-DE563E248138}.Release|Any CPU.ActiveCfg = Release|Any CPU
		{AEA3D3AD-56C4-4811-806B-DE563E248138}.Release|Any CPU.Build.0 = Release|Any CPU
		{AEA3D3AD-56C4-4811-806B-DE563E248138}.Release|x86.ActiveCfg = Release|Any CPU
		{AEA3D3AD-56C4-4811-806B-DE563E248138}.Release|x86.Build.0 = Release|Any CPU
	EndGlobalSection
	GlobalSection(SolutionProperties) = preSolution
		HideSolutionNode = FALSE
	EndGlobalSection
	GlobalSection(ExtensibilityGlobals) = postSolution
		SolutionGuid = {824A8A49-6728-49CA-A47C-BFE392DA922A}
		VisualSVNWorkingCopyRoot = .
	EndGlobalSection
EndGlobal
